
Microsoft Visual Studio Solution File, Format Version 12.00
# Visual Studio Version 17
VisualStudioVersion = 17.0.32014.148
MinimumVisualStudioVersion = 10.0.40219.1
Project("{FAE04EC0-301F-11D3-BF4B-00C04F79EFBC}") = "UniversalMusicTestTaskProject", "UniversalMusicTestTaskProject.csproj", "{77054D0A-7C49-41F9-A0A4-14A4073E711A}"
EndProject
Global
	GlobalSection(SolutionConfigurationPlatforms) = preSolution
		Debug|Any CPU = Debug|Any CPU
		Release|Any CPU = Release|Any CPU
	EndGlobalSection
	GlobalSection(ProjectConfigurationPlatforms) = postSolution
		{77054D0A-7C49-41F9-A0A4-14A4073E711A}.Debug|Any CPU.ActiveCfg = Debug|Any CPU
		{77054D0A-7C49-41F9-A0A4-14A4073E711A}.Debug|Any CPU.Build.0 = Debug|Any CPU
		{77054D0A-7C49-41F9-A0A4-14A4073E711A}.Release|Any CPU.ActiveCfg = Release|Any CPU
		{77054D0A-7C49-41F9-A0A4-14A4073E711A}.Release|Any CPU.Build.0 = Release|Any CPU
	EndGlobalSection
	GlobalSection(SolutionProperties) = preSolution
		HideSolutionNode = FALSE
	EndGlobalSection
	GlobalSection(ExtensibilityGlobals) = postSolution
		SolutionGuid = {31144D29-1AF8-4D78-BACE-F5DCCAF4FD67}
	EndGlobalSection
EndGlobal
